
Microsoft Visual Studio Solution File, Format Version 12.00
# Visual Studio Version 17
VisualStudioVersion = 17.3.32929.385
MinimumVisualStudioVersion = 10.0.40219.1
Project("{FAE04EC0-301F-11D3-BF4B-00C04F79EFBC}") = "HtmlCenter", "HtmlCenter\HtmlCenter.csproj", "{A944A107-E464-4D0C-8885-47C37C18F9D4}"
EndProject
Global
	GlobalSection(SolutionConfigurationPlatforms) = preSolution
		Debug|Any CPU = Debug|Any CPU
		Release|Any CPU = Release|Any CPU
	EndGlobalSection
	GlobalSection(ProjectConfigurationPlatforms) = postSolution
		{A944A107-E464-4D0C-8885-47C37C18F9D4}.Debug|Any CPU.ActiveCfg = Debug|Any CPU
		{A944A107-E464-4D0C-8885-47C37C18F9D4}.Debug|Any CPU.Build.0 = Debug|Any CPU
		{A944A107-E464-4D0C-8885-47C37C18F9D4}.Release|Any CPU.ActiveCfg = Release|Any CPU
		{A944A107-E464-4D0C-8885-47C37C18F9D4}.Release|Any CPU.Build.0 = Release|Any CPU
	EndGlobalSection
	GlobalSection(SolutionProperties) = preSolution
		HideSolutionNode = FALSE
	EndGlobalSection
	GlobalSection(ExtensibilityGlobals) = postSolution
		SolutionGuid = {F9BDC287-F682-4793-B3A6-00621F05AB79}
	EndGlobalSection
EndGlobal
